# Generated by buf. DO NOT EDIT.
version: v1
deps:
  - remote: buf.build
    owner: cosmos
    repository: cosmos-proto
    commit: 04467658e59e44bbb22fe568206e1f70
    digest: shake256:73a640bd60e0c523b0f8237ff34eab67c45a38b64bbbde1d80224819d272dbf316ac183526bd245f994af6608b025f5130483d0133c5edd385531326b5990466
  - remote: buf.build
    owner: cosmos
    repository: cosmos-sdk
    commit: 65fa41963e6a41dd95a35934239029df
    digest: shake256:f67571e6f86dba07c678908f1734ca5a855416e1ecd903c3ebcae49f93c2a7114cdc64538ee8012cc3bb45e9bfd4345395f43d2ac2c01821ca32e5d734cb4dfd
  - remote: buf.build
    owner: cosmos
    repository: gogo-proto
    commit: 88ef6483f90f478fb938c37dde52ece3
    digest: shake256:89c45df2aa11e0cff97b0d695436713db3d993d76792e9f8dc1ae90e6ab9a9bec55503d48ceedd6b86069ab07d3041b32001b2bfe0227fa725dd515ff381e5ba
  - remote: buf.build
    owner: cosmos
    repository: ics23
    commit: dc427cb4519143d8996361c045a29ad7
    digest: shake256:f6611c56170e2cb6354fa6e367a225fed7b8b0defca3252f05e842fe311be46997680ebf57d8644b52c1f2cca49b366ffe89ce5e8db5fd055a15259c88e4e41e
  - remote: buf.build
    owner: googleapis
    repository: googleapis
    commit: c17df5b2beca46928cc87d5656bd5343
    digest: shake256:c62ecead9b13485a02893cd678a6c81e40879bf00ea509bbc6fd8f1b2cc33eccf6a85c259b08d1e0f052f693cbfc7dfda236e9665b1d6869b8e1132a794a61e2
  - remote: buf.build
    owner: protocolbuffers
    repository: wellknowntypes
    commit: 9d16d599a978406980f6e2f081331a93
    digest: shake256:946278992baee216f7742401780df3727195ffc068a30e21769c7e808d16ee25e9e48e51f938b6ddbe405abe46c45091a56ad90aac1cad0d809d16cbad889ff1
